{
  "name": "bio-site",
  "lockfileVersion": 3,
  "requires": true,
  "packages": {
    "": {
      "dependencies": {
        "particles.js": "^2.0.0",
        "vanilla-tilt": "^1.8.1"
      }
    },
    "node_modules/particles.js": {
      "version": "2.0.0",
      "resolved": "https://registry.npmjs.org/particles.js/-/particles.js-2.0.0.tgz",
      "integrity": "sha512-8e0JIqkRbMMPlFBnF9f+92hX1s07jdkd3tqB8uHE9L+cwGGjIYjQM7QLgt0FQ5MZp6SFFYYDm/Y48pqK3ZvJOQ=="
    },
    "node_modules/vanilla-tilt": {
      "version": "1.8.1",
      "resolved": "https://registry.npmjs.org/vanilla-tilt/-/vanilla-tilt-1.8.1.tgz",
      "integrity": "sha512-hPB1XUsnh+SIeVSW2beb5RnuFxz4ZNgxjGD78o52F49gS4xaoLeEMh9qrQnJrnEn/vjjBI7IlxrrXmz4tGV0Kw=="
    }
  }
}
